
Microsoft Visual Studio Solution File, Format Version 12.00
# Visual Studio Version 17
VisualStudioVersion = 17.7.34024.191
MinimumVisualStudioVersion = 10.0.40219.1
Project("{9A19103F-16F7-4668-BE54-9A1E7A4F7556}") = "MauiBaseDb", "MauiBaseDb\MauiBaseDb.csproj", "{EF1D1CEB-EDEA-42D6-BBDA-9D33FF1C75B2}"
EndProject
Global
	GlobalSection(SolutionConfigurationPlatforms) = preSolution
		Debug|Any CPU = Debug|Any CPU
		Release|Any CPU = Release|Any CPU
	EndGlobalSection
	GlobalSection(ProjectConfigurationPlatforms) = postSolution
		{EF1D1CEB-EDEA-42D6-BBDA-9D33FF1C75B2}.Debug|Any CPU.ActiveCfg = Debug|Any CPU
		{EF1D1CEB-EDEA-42D6-BBDA-9D33FF1C75B2}.Debug|Any CPU.Build.0 = Debug|Any CPU
		{EF1D1CEB-EDEA-42D6-BBDA-9D33FF1C75B2}.Debug|Any CPU.Deploy.0 = Debug|Any CPU
		{EF1D1CEB-EDEA-42D6-BBDA-9D33FF1C75B2}.Release|Any CPU.ActiveCfg = Release|Any CPU
		{EF1D1CEB-EDEA-42D6-BBDA-9D33FF1C75B2}.Release|Any CPU.Build.0 = Release|Any CPU
		{EF1D1CEB-EDEA-42D6-BBDA-9D33FF1C75B2}.Release|Any CPU.Deploy.0 = Release|Any CPU
	EndGlobalSection
	GlobalSection(SolutionProperties) = preSolution
		HideSolutionNode = FALSE
	EndGlobalSection
	GlobalSection(ExtensibilityGlobals) = postSolution
		SolutionGuid = {3365639E-4338-46C3-A461-14FDE4365CFF}
	EndGlobalSection
EndGlobal
