
Microsoft Visual Studio Solution File, Format Version 12.00
# Visual Studio Version 16
VisualStudioVersion = 16.0.31624.102
MinimumVisualStudioVersion = 10.0.40219.1
Project("{FAE04EC0-301F-11D3-BF4B-00C04F79EFBC}") = "Stringek", "Stringek\Stringek.csproj", "{637F2876-C2B8-4946-9AF1-05BDA069682C}"
EndProject
Global
	GlobalSection(SolutionConfigurationPlatforms) = preSolution
		Debug|Any CPU = Debug|Any CPU
		Release|Any CPU = Release|Any CPU
	EndGlobalSection
	GlobalSection(ProjectConfigurationPlatforms) = postSolution
		{637F2876-C2B8-4946-9AF1-05BDA069682C}.Debug|Any CPU.ActiveCfg = Debug|Any CPU
		{637F2876-C2B8-4946-9AF1-05BDA069682C}.Debug|Any CPU.Build.0 = Debug|Any CPU
		{637F2876-C2B8-4946-9AF1-05BDA069682C}.Release|Any CPU.ActiveCfg = Release|Any CPU
		{637F2876-C2B8-4946-9AF1-05BDA069682C}.Release|Any CPU.Build.0 = Release|Any CPU
	EndGlobalSection
	GlobalSection(SolutionProperties) = preSolution
		HideSolutionNode = FALSE
	EndGlobalSection
	GlobalSection(ExtensibilityGlobals) = postSolution
		SolutionGuid = {EADE54D8-3C8C-457D-AC01-9D2538D858D4}
	EndGlobalSection
EndGlobal
