
Microsoft Visual Studio Solution File, Format Version 12.00
# Visual Studio Version 16
VisualStudioVersion = 16.0.31624.102
MinimumVisualStudioVersion = 10.0.40219.1
Project("{FAE04EC0-301F-11D3-BF4B-00C04F79EFBC}") = "WpfIdozito", "WpfIdozito\WpfIdozito.csproj", "{E70BFFDC-E1D3-4ACC-B7B8-C83F1E426B73}"
EndProject
Project("{FAE04EC0-301F-11D3-BF4B-00C04F79EFBC}") = "WpfStopper", "WpfStopper\WpfStopper.csproj", "{5E2D6ACB-F31D-427F-BEDF-DDD668E4B34E}"
EndProject
Global
	GlobalSection(SolutionConfigurationPlatforms) = preSolution
		Debug|Any CPU = Debug|Any CPU
		Release|Any CPU = Release|Any CPU
	EndGlobalSection
	GlobalSection(ProjectConfigurationPlatforms) = postSolution
		{E70BFFDC-E1D3-4ACC-B7B8-C83F1E426B73}.Debug|Any CPU.ActiveCfg = Debug|Any CPU
		{E70BFFDC-E1D3-4ACC-B7B8-C83F1E426B73}.Debug|Any CPU.Build.0 = Debug|Any CPU
		{E70BFFDC-E1D3-4ACC-B7B8-C83F1E426B73}.Release|Any CPU.ActiveCfg = Release|Any CPU
		{E70BFFDC-E1D3-4ACC-B7B8-C83F1E426B73}.Release|Any CPU.Build.0 = Release|Any CPU
		{5E2D6ACB-F31D-427F-BEDF-DDD668E4B34E}.Debug|Any CPU.ActiveCfg = Debug|Any CPU
		{5E2D6ACB-F31D-427F-BEDF-DDD668E4B34E}.Debug|Any CPU.Build.0 = Debug|Any CPU
		{5E2D6ACB-F31D-427F-BEDF-DDD668E4B34E}.Release|Any CPU.ActiveCfg = Release|Any CPU
		{5E2D6ACB-F31D-427F-BEDF-DDD668E4B34E}.Release|Any CPU.Build.0 = Release|Any CPU
	EndGlobalSection
	GlobalSection(SolutionProperties) = preSolution
		HideSolutionNode = FALSE
	EndGlobalSection
	GlobalSection(ExtensibilityGlobals) = postSolution
		SolutionGuid = {50EC3332-19F9-42E2-BC30-17450987CF79}
	EndGlobalSection
EndGlobal
