
Microsoft Visual Studio Solution File, Format Version 12.00
# Visual Studio Version 17
VisualStudioVersion = 17.9.34607.119
MinimumVisualStudioVersion = 10.0.40219.1
Project("{FAE04EC0-301F-11D3-BF4B-00C04F79EFBC}") = "WpfChinook", "WpfChinook\WpfChinook.csproj", "{8BDEFD5C-7773-403E-92F1-4AAE4059EADE}"
EndProject
Global
	GlobalSection(SolutionConfigurationPlatforms) = preSolution
		Debug|Any CPU = Debug|Any CPU
		Release|Any CPU = Release|Any CPU
	EndGlobalSection
	GlobalSection(ProjectConfigurationPlatforms) = postSolution
		{8BDEFD5C-7773-403E-92F1-4AAE4059EADE}.Debug|Any CPU.ActiveCfg = Debug|Any CPU
		{8BDEFD5C-7773-403E-92F1-4AAE4059EADE}.Debug|Any CPU.Build.0 = Debug|Any CPU
		{8BDEFD5C-7773-403E-92F1-4AAE4059EADE}.Release|Any CPU.ActiveCfg = Release|Any CPU
		{8BDEFD5C-7773-403E-92F1-4AAE4059EADE}.Release|Any CPU.Build.0 = Release|Any CPU
	EndGlobalSection
	GlobalSection(SolutionProperties) = preSolution
		HideSolutionNode = FALSE
	EndGlobalSection
	GlobalSection(ExtensibilityGlobals) = postSolution
		SolutionGuid = {D85CD942-EEB3-40DF-98E3-F78FB772E8B0}
	EndGlobalSection
EndGlobal
