
Microsoft Visual Studio Solution File, Format Version 12.00
# Visual Studio Version 17
VisualStudioVersion = 17.7.34024.191
MinimumVisualStudioVersion = 10.0.40219.1
Project("{FAE04EC0-301F-11D3-BF4B-00C04F79EFBC}") = "Maui_CollectionView", "Maui_CollectionView\Maui_CollectionView.csproj", "{1009757F-A1B1-4A67-90CB-DB52302C2D04}"
EndProject
Global
	GlobalSection(SolutionConfigurationPlatforms) = preSolution
		Debug|Any CPU = Debug|Any CPU
		Release|Any CPU = Release|Any CPU
	EndGlobalSection
	GlobalSection(ProjectConfigurationPlatforms) = postSolution
		{1009757F-A1B1-4A67-90CB-DB52302C2D04}.Debug|Any CPU.ActiveCfg = Debug|Any CPU
		{1009757F-A1B1-4A67-90CB-DB52302C2D04}.Debug|Any CPU.Build.0 = Debug|Any CPU
		{1009757F-A1B1-4A67-90CB-DB52302C2D04}.Debug|Any CPU.Deploy.0 = Debug|Any CPU
		{1009757F-A1B1-4A67-90CB-DB52302C2D04}.Release|Any CPU.ActiveCfg = Release|Any CPU
		{1009757F-A1B1-4A67-90CB-DB52302C2D04}.Release|Any CPU.Build.0 = Release|Any CPU
		{1009757F-A1B1-4A67-90CB-DB52302C2D04}.Release|Any CPU.Deploy.0 = Release|Any CPU
	EndGlobalSection
	GlobalSection(SolutionProperties) = preSolution
		HideSolutionNode = FALSE
	EndGlobalSection
	GlobalSection(ExtensibilityGlobals) = postSolution
		SolutionGuid = {47F36866-33E2-4890-9FE1-E694F2D5D30E}
	EndGlobalSection
EndGlobal
