
Microsoft Visual Studio Solution File, Format Version 12.00
# Visual Studio Version 17
VisualStudioVersion = 17.7.34024.191
MinimumVisualStudioVersion = 10.0.40219.1
Project("{FAE04EC0-301F-11D3-BF4B-00C04F79EFBC}") = "Kutyak", "Kutyak\Kutyak.csproj", "{13DE9CC7-BA90-4EF0-9922-1F1A4C421635}"
EndProject
Global
	GlobalSection(SolutionConfigurationPlatforms) = preSolution
		Debug|Any CPU = Debug|Any CPU
		Release|Any CPU = Release|Any CPU
	EndGlobalSection
	GlobalSection(ProjectConfigurationPlatforms) = postSolution
		{13DE9CC7-BA90-4EF0-9922-1F1A4C421635}.Debug|Any CPU.ActiveCfg = Debug|Any CPU
		{13DE9CC7-BA90-4EF0-9922-1F1A4C421635}.Debug|Any CPU.Build.0 = Debug|Any CPU
		{13DE9CC7-BA90-4EF0-9922-1F1A4C421635}.Release|Any CPU.ActiveCfg = Release|Any CPU
		{13DE9CC7-BA90-4EF0-9922-1F1A4C421635}.Release|Any CPU.Build.0 = Release|Any CPU
	EndGlobalSection
	GlobalSection(SolutionProperties) = preSolution
		HideSolutionNode = FALSE
	EndGlobalSection
	GlobalSection(ExtensibilityGlobals) = postSolution
		SolutionGuid = {804393C6-D00D-4E2F-A271-9A4809E22FA6}
	EndGlobalSection
EndGlobal
