
Microsoft Visual Studio Solution File, Format Version 12.00
# Visual Studio Version 17
VisualStudioVersion = 17.7.34024.191
MinimumVisualStudioVersion = 10.0.40219.1
Project("{9A19103F-16F7-4668-BE54-9A1E7A4F7556}") = "WpfKonverter", "WpfKonverter\WpfKonverter.csproj", "{8B465F10-041E-449A-95C0-1EDA2B2C2899}"
EndProject
Project("{FAE04EC0-301F-11D3-BF4B-00C04F79EFBC}") = "TestKonverter", "TestKonverter\TestKonverter.csproj", "{5EFCD761-B59D-4FE4-8A7F-A3AFE19B722B}"
EndProject
Global
	GlobalSection(SolutionConfigurationPlatforms) = preSolution
		Debug|Any CPU = Debug|Any CPU
		Release|Any CPU = Release|Any CPU
	EndGlobalSection
	GlobalSection(ProjectConfigurationPlatforms) = postSolution
		{8B465F10-041E-449A-95C0-1EDA2B2C2899}.Debug|Any CPU.ActiveCfg = Debug|Any CPU
		{8B465F10-041E-449A-95C0-1EDA2B2C2899}.Debug|Any CPU.Build.0 = Debug|Any CPU
		{8B465F10-041E-449A-95C0-1EDA2B2C2899}.Release|Any CPU.ActiveCfg = Release|Any CPU
		{8B465F10-041E-449A-95C0-1EDA2B2C2899}.Release|Any CPU.Build.0 = Release|Any CPU
		{5EFCD761-B59D-4FE4-8A7F-A3AFE19B722B}.Debug|Any CPU.ActiveCfg = Debug|Any CPU
		{5EFCD761-B59D-4FE4-8A7F-A3AFE19B722B}.Debug|Any CPU.Build.0 = Debug|Any CPU
		{5EFCD761-B59D-4FE4-8A7F-A3AFE19B722B}.Release|Any CPU.ActiveCfg = Release|Any CPU
		{5EFCD761-B59D-4FE4-8A7F-A3AFE19B722B}.Release|Any CPU.Build.0 = Release|Any CPU
	EndGlobalSection
	GlobalSection(SolutionProperties) = preSolution
		HideSolutionNode = FALSE
	EndGlobalSection
	GlobalSection(ExtensibilityGlobals) = postSolution
		SolutionGuid = {F4E9CED1-B38C-419B-9C56-848B36394677}
	EndGlobalSection
EndGlobal
