
Microsoft Visual Studio Solution File, Format Version 12.00
# Visual Studio Version 16
VisualStudioVersion = 16.0.31624.102
MinimumVisualStudioVersion = 10.0.40219.1
Project("{FAE04EC0-301F-11D3-BF4B-00C04F79EFBC}") = "Kivetelek", "Kivetelek\Kivetelek.csproj", "{0E9A8D40-9CFC-4436-A9F5-545BF6A20E62}"
EndProject
Global
	GlobalSection(SolutionConfigurationPlatforms) = preSolution
		Debug|Any CPU = Debug|Any CPU
		Release|Any CPU = Release|Any CPU
	EndGlobalSection
	GlobalSection(ProjectConfigurationPlatforms) = postSolution
		{0E9A8D40-9CFC-4436-A9F5-545BF6A20E62}.Debug|Any CPU.ActiveCfg = Debug|Any CPU
		{0E9A8D40-9CFC-4436-A9F5-545BF6A20E62}.Debug|Any CPU.Build.0 = Debug|Any CPU
		{0E9A8D40-9CFC-4436-A9F5-545BF6A20E62}.Release|Any CPU.ActiveCfg = Release|Any CPU
		{0E9A8D40-9CFC-4436-A9F5-545BF6A20E62}.Release|Any CPU.Build.0 = Release|Any CPU
	EndGlobalSection
	GlobalSection(SolutionProperties) = preSolution
		HideSolutionNode = FALSE
	EndGlobalSection
	GlobalSection(ExtensibilityGlobals) = postSolution
		SolutionGuid = {64953E29-D460-4776-9EE2-40834DF29150}
	EndGlobalSection
EndGlobal
