
Microsoft Visual Studio Solution File, Format Version 12.00
# Visual Studio Version 16
VisualStudioVersion = 16.0.31624.102
MinimumVisualStudioVersion = 10.0.40219.1
Project("{FAE04EC0-301F-11D3-BF4B-00C04F79EFBC}") = "Fuggvenyek", "Fuggvenyek\Fuggvenyek.csproj", "{BD797027-2002-4C47-8C46-6D82A54CB4E6}"
EndProject
Project("{FAE04EC0-301F-11D3-BF4B-00C04F79EFBC}") = "Fuggvenyek_tombbel", "Fuggvenyek_tombbel\Fuggvenyek_tombbel.csproj", "{27584CB2-D7C5-4C03-A458-EF5C8FF5CF76}"
EndProject
Global
	GlobalSection(SolutionConfigurationPlatforms) = preSolution
		Debug|Any CPU = Debug|Any CPU
		Release|Any CPU = Release|Any CPU
	EndGlobalSection
	GlobalSection(ProjectConfigurationPlatforms) = postSolution
		{BD797027-2002-4C47-8C46-6D82A54CB4E6}.Debug|Any CPU.ActiveCfg = Debug|Any CPU
		{BD797027-2002-4C47-8C46-6D82A54CB4E6}.Debug|Any CPU.Build.0 = Debug|Any CPU
		{BD797027-2002-4C47-8C46-6D82A54CB4E6}.Release|Any CPU.ActiveCfg = Release|Any CPU
		{BD797027-2002-4C47-8C46-6D82A54CB4E6}.Release|Any CPU.Build.0 = Release|Any CPU
		{27584CB2-D7C5-4C03-A458-EF5C8FF5CF76}.Debug|Any CPU.ActiveCfg = Debug|Any CPU
		{27584CB2-D7C5-4C03-A458-EF5C8FF5CF76}.Debug|Any CPU.Build.0 = Debug|Any CPU
		{27584CB2-D7C5-4C03-A458-EF5C8FF5CF76}.Release|Any CPU.ActiveCfg = Release|Any CPU
		{27584CB2-D7C5-4C03-A458-EF5C8FF5CF76}.Release|Any CPU.Build.0 = Release|Any CPU
	EndGlobalSection
	GlobalSection(SolutionProperties) = preSolution
		HideSolutionNode = FALSE
	EndGlobalSection
	GlobalSection(ExtensibilityGlobals) = postSolution
		SolutionGuid = {A22BAB7E-67E4-4B27-9930-EE4D0CB76990}
	EndGlobalSection
EndGlobal
